
Microsoft Visual Studio Solution File, Format Version 12.00
# Visual Studio Version 17
VisualStudioVersion = 17.14.36109.1 d17.14
MinimumVisualStudioVersion = 10.0.40219.1
Project("{FAE04EC0-301F-11D3-BF4B-00C04F79EFBC}") = "TourismForecasting", "TourismForecasting\TourismForecasting.csproj", "{AC643F14-12E6-4665-92A6-533CA38CFB71}"
EndProject
Global
	GlobalSection(SolutionConfigurationPlatforms) = preSolution
		Debug|Any CPU = Debug|Any CPU
		Release|Any CPU = Release|Any CPU
	EndGlobalSection
	GlobalSection(ProjectConfigurationPlatforms) = postSolution
		{AC643F14-12E6-4665-92A6-533CA38CFB71}.Debug|Any CPU.ActiveCfg = Debug|Any CPU
		{AC643F14-12E6-4665-92A6-533CA38CFB71}.Debug|Any CPU.Build.0 = Debug|Any CPU
		{AC643F14-12E6-4665-92A6-533CA38CFB71}.Release|Any CPU.ActiveCfg = Release|Any CPU
		{AC643F14-12E6-4665-92A6-533CA38CFB71}.Release|Any CPU.Build.0 = Release|Any CPU
	EndGlobalSection
	GlobalSection(SolutionProperties) = preSolution
		HideSolutionNode = FALSE
	EndGlobalSection
	GlobalSection(ExtensibilityGlobals) = postSolution
		SolutionGuid = {A2EF087C-D91A-4C83-A07F-00E40BAF5821}
	EndGlobalSection
EndGlobal
